
Microsoft Visual Studio Solution File, Format Version 12.00
# Visual Studio Version 16
VisualStudioVersion = 16.0.31729.503
MinimumVisualStudioVersion = 10.0.40219.1
Project("{FAE04EC0-301F-11D3-BF4B-00C04F79EFBC}") = "Movie web app", "Movie web app\Movie web app.csproj", "{F3895E60-EE78-408F-AC79-A84D4E255D82}"
EndProject
Global
	GlobalSection(SolutionConfigurationPlatforms) = preSolution
		Debug|Any CPU = Debug|Any CPU
		Release|Any CPU = Release|Any CPU
	EndGlobalSection
	GlobalSection(ProjectConfigurationPlatforms) = postSolution
		{F3895E60-EE78-408F-AC79-A84D4E255D82}.Debug|Any CPU.ActiveCfg = Debug|Any CPU
		{F3895E60-EE78-408F-AC79-A84D4E255D82}.Debug|Any CPU.Build.0 = Debug|Any CPU
		{F3895E60-EE78-408F-AC79-A84D4E255D82}.Release|Any CPU.ActiveCfg = Release|Any CPU
		{F3895E60-EE78-408F-AC79-A84D4E255D82}.Release|Any CPU.Build.0 = Release|Any CPU
	EndGlobalSection
	GlobalSection(SolutionProperties) = preSolution
		HideSolutionNode = FALSE
	EndGlobalSection
	GlobalSection(ExtensibilityGlobals) = postSolution
		SolutionGuid = {847C5780-7DE2-4C65-B191-A5B6A4234BEC}
	EndGlobalSection
EndGlobal
